
Microsoft Visual Studio Solution File, Format Version 12.00
# Visual Studio 15
Project("{FAE04EC0-301F-11D3-BF4B-00C04F79EFBC}") = "Assembly-CSharp", "Assembly-CSharp.csproj", "{DC35F974-895F-84FF-5C90-6BE5F5661610}"
EndProject
Project("{FAE04EC0-301F-11D3-BF4B-00C04F79EFBC}") = "Assembly-CSharp-Editor-firstpass", "Assembly-CSharp-Editor-firstpass.csproj", "{416E4961-E14F-5A03-41A8-1EDC3DEE600A}"
EndProject
Global
	GlobalSection(SolutionConfigurationPlatforms) = preSolution
		Debug|Any CPU = Debug|Any CPU
		Release|Any CPU = Release|Any CPU
	EndGlobalSection
	GlobalSection(ProjectConfigurationPlatforms) = postSolution
		{DC35F974-895F-84FF-5C90-6BE5F5661610}.Debug|Any CPU.ActiveCfg = Debug|Any CPU
		{DC35F974-895F-84FF-5C90-6BE5F5661610}.Debug|Any CPU.Build.0 = Debug|Any CPU
		{DC35F974-895F-84FF-5C90-6BE5F5661610}.Release|Any CPU.ActiveCfg = Release|Any CPU
		{DC35F974-895F-84FF-5C90-6BE5F5661610}.Release|Any CPU.Build.0 = Release|Any CPU
		{416E4961-E14F-5A03-41A8-1EDC3DEE600A}.Debug|Any CPU.ActiveCfg = Debug|Any CPU
		{416E4961-E14F-5A03-41A8-1EDC3DEE600A}.Debug|Any CPU.Build.0 = Debug|Any CPU
		{416E4961-E14F-5A03-41A8-1EDC3DEE600A}.Release|Any CPU.ActiveCfg = Release|Any CPU
		{416E4961-E14F-5A03-41A8-1EDC3DEE600A}.Release|Any CPU.Build.0 = Release|Any CPU
	EndGlobalSection
	GlobalSection(SolutionProperties) = preSolution
		HideSolutionNode = FALSE
	EndGlobalSection
EndGlobal
